
Microsoft Visual Studio Solution File, Format Version 12.00
# Visual Studio 14
VisualStudioVersion = 14.0.24720.0
MinimumVisualStudioVersion = 10.0.40219.1
Project("{FAE04EC0-301F-11D3-BF4B-00C04F79EFBC}") = "Chronos", "Chronos\Chronos.csproj", "{3FC1DF48-7716-4DFD-BB97-C3905694CC7F}"
EndProject
Project("{FAE04EC0-301F-11D3-BF4B-00C04F79EFBC}") = "ChronosWebAPI", "ChronosWebAPI\ChronosWebAPI.csproj", "{7A25A721-B9C4-46E7-B637-1B96B0929102}"
EndProject
Global
	GlobalSection(SolutionConfigurationPlatforms) = preSolution
		Debug|Any CPU = Debug|Any CPU
		Debug|ARM = Debug|ARM
		Debug|x64 = Debug|x64
		Debug|x86 = Debug|x86
		Release|Any CPU = Release|Any CPU
		Release|ARM = Release|ARM
		Release|x64 = Release|x64
		Release|x86 = Release|x86
	EndGlobalSection
	GlobalSection(ProjectConfigurationPlatforms) = postSolution
		{3FC1DF48-7716-4DFD-BB97-C3905694CC7F}.Debug|Any CPU.ActiveCfg = Debug|x86
		{3FC1DF48-7716-4DFD-BB97-C3905694CC7F}.Debug|ARM.ActiveCfg = Debug|ARM
		{3FC1DF48-7716-4DFD-BB97-C3905694CC7F}.Debug|ARM.Build.0 = Debug|ARM
		{3FC1DF48-7716-4DFD-BB97-C3905694CC7F}.Debug|ARM.Deploy.0 = Debug|ARM
		{3FC1DF48-7716-4DFD-BB97-C3905694CC7F}.Debug|x64.ActiveCfg = Debug|x64
		{3FC1DF48-7716-4DFD-BB97-C3905694CC7F}.Debug|x64.Build.0 = Debug|x64
		{3FC1DF48-7716-4DFD-BB97-C3905694CC7F}.Debug|x64.Deploy.0 = Debug|x64
		{3FC1DF48-7716-4DFD-BB97-C3905694CC7F}.Debug|x86.ActiveCfg = Debug|x86
		{3FC1DF48-7716-4DFD-BB97-C3905694CC7F}.Debug|x86.Build.0 = Debug|x86
		{3FC1DF48-7716-4DFD-BB97-C3905694CC7F}.Debug|x86.Deploy.0 = Debug|x86
		{3FC1DF48-7716-4DFD-BB97-C3905694CC7F}.Release|Any CPU.ActiveCfg = Release|x86
		{3FC1DF48-7716-4DFD-BB97-C3905694CC7F}.Release|ARM.ActiveCfg = Release|ARM
		{3FC1DF48-7716-4DFD-BB97-C3905694CC7F}.Release|ARM.Build.0 = Release|ARM
		{3FC1DF48-7716-4DFD-BB97-C3905694CC7F}.Release|ARM.Deploy.0 = Release|ARM
		{3FC1DF48-7716-4DFD-BB97-C3905694CC7F}.Release|x64.ActiveCfg = Release|x64
		{3FC1DF48-7716-4DFD-BB97-C3905694CC7F}.Release|x64.Build.0 = Release|x64
		{3FC1DF48-7716-4DFD-BB97-C3905694CC7F}.Release|x64.Deploy.0 = Release|x64
		{3FC1DF48-7716-4DFD-BB97-C3905694CC7F}.Release|x86.ActiveCfg = Release|x86
		{3FC1DF48-7716-4DFD-BB97-C3905694CC7F}.Release|x86.Build.0 = Release|x86
		{3FC1DF48-7716-4DFD-BB97-C3905694CC7F}.Release|x86.Deploy.0 = Release|x86
		{7A25A721-B9C4-46E7-B637-1B96B0929102}.Debug|Any CPU.ActiveCfg = Debug|Any CPU
		{7A25A721-B9C4-46E7-B637-1B96B0929102}.Debug|Any CPU.Build.0 = Debug|Any CPU
		{7A25A721-B9C4-46E7-B637-1B96B0929102}.Debug|ARM.ActiveCfg = Debug|Any CPU
		{7A25A721-B9C4-46E7-B637-1B96B0929102}.Debug|ARM.Build.0 = Debug|Any CPU
		{7A25A721-B9C4-46E7-B637-1B96B0929102}.Debug|x64.ActiveCfg = Debug|Any CPU
		{7A25A721-B9C4-46E7-B637-1B96B0929102}.Debug|x64.Build.0 = Debug|Any CPU
		{7A25A721-B9C4-46E7-B637-1B96B0929102}.Debug|x86.ActiveCfg = Debug|Any CPU
		{7A25A721-B9C4-46E7-B637-1B96B0929102}.Debug|x86.Build.0 = Debug|Any CPU
		{7A25A721-B9C4-46E7-B637-1B96B0929102}.Release|Any CPU.ActiveCfg = Release|Any CPU
		{7A25A721-B9C4-46E7-B637-1B96B0929102}.Release|Any CPU.Build.0 = Release|Any CPU
		{7A25A721-B9C4-46E7-B637-1B96B0929102}.Release|ARM.ActiveCfg = Release|Any CPU
		{7A25A721-B9C4-46E7-B637-1B96B0929102}.Release|ARM.Build.0 = Release|Any CPU
		{7A25A721-B9C4-46E7-B637-1B96B0929102}.Release|x64.ActiveCfg = Release|Any CPU
		{7A25A721-B9C4-46E7-B637-1B96B0929102}.Release|x64.Build.0 = Release|Any CPU
		{7A25A721-B9C4-46E7-B637-1B96B0929102}.Release|x86.ActiveCfg = Release|Any CPU
		{7A25A721-B9C4-46E7-B637-1B96B0929102}.Release|x86.Build.0 = Release|Any CPU
	EndGlobalSection
	GlobalSection(SolutionProperties) = preSolution
		HideSolutionNode = FALSE
	EndGlobalSection
EndGlobal
